dependencies:
  espressif/esp-dsp:
    component_hash: fa7fe74305df6da25867437ebcd4213e047cbfc0556cf92067ab657fce537c6e
    dependencies:
    - name: idf
      registry_url: https://components.espressif.com
      require: private
      version: '>=4.2'
    source:
      registry_url: https://components.espressif.com/
      type: service
    version: 1.5.2
  espressif/mdns:
    component_hash: f5267872ed0c810d1b281c41a567cace7b3a3695c0df9dff89f631e9ba426ed0
    dependencies:
    - name: idf
      require: private
      version: '>=5.0'
    source:
      registry_url: https://components.espressif.com/
      type: service
    version: 1.4.2
  idf:
    source:
      type: idf
    version: 5.3.2
  joltwallet/littlefs:
    component_hash: a023b819eff7a7740d61ae40b8e0c53dfe32843a99bc4aa6554867f3fc5091d3
    dependencies:
    - name: idf
      require: private
      version: '>=4.3'
    source:
      registry_url: https://components.espressif.com/
      type: service
    version: 1.16.1
direct_dependencies:
- espressif/esp-dsp
- espressif/mdns
- idf
- joltwallet/littlefs
manifest_hash: ef8b104f9a8bd3f083100303f1f8c962898698f1eeb716af5abb3978b02726d3
target: esp32c6
version: 2.0.0
